Microsoft Visual Studio Solution File, Format Version 12.00
# Visual Studio Version 17
VisualStudioVersion = 17.1.32113.165
MinimumVisualStudioVersion = 15.0.26124.0
Project("{9A19103F-16F7-4668-BE54-9A1E7A4F7556}") = "Homeschool.Net6.Mobile", "Homeschool.Net6.Mobile\Homeschool.Net6.Mobile.csproj", "{5492A1E0-9648-4071-8B75-319627CF3832}"
EndProject
Project("{9A19103F-16F7-4668-BE54-9A1E7A4F7556}") = "Homeschool.Net6.Wasm", "Homeschool.Net6.Wasm\Homeschool.Net6.Wasm.csproj", "{40EA03F7-8A22-4143-B251-79BAC3EB13D2}"
EndProject
Project("{9A19103F-16F7-4668-BE54-9A1E7A4F7556}") = "Homeschool.Net6.Skia.Gtk", "Homeschool.Net6.Skia.Gtk\Homeschool.Net6.Skia.Gtk.csproj", "{A5B8155A-118F-4794-B551-C6F3CF7E5411}"
EndProject
Project("{9A19103F-16F7-4668-BE54-9A1E7A4F7556}") = "Homeschool.Net6.Skia.WPF", "Homeschool.Net6.Skia.WPF\Homeschool.Net6.Skia.WPF.csproj", "{14FE9699-0E60-4608-B04D-8BD612F53E74}"
EndProject
Project("{9A19103F-16F7-4668-BE54-9A1E7A4F7556}") = "Homeschool.Net6.Skia.Wpf.Host", "Homeschool.Net6.Skia.WPF.Host\Homeschool.Net6.Skia.Wpf.Host.csproj", "{6CF284A4-22B1-4F05-97F4-F095C07A598E}"
EndProject
Project("{9A19103F-16F7-4668-BE54-9A1E7A4F7556}") = "Homeschool.Net6.Windows.Desktop", "Homeschool.Net6.Windows.Desktop\Homeschool.Net6.Windows.Desktop.csproj", "{1AA13270-F438-4864-9435-54FD806E10EA}"
EndProject
Project("{2150E333-8FDC-42A3-9474-1A3956D46DE8}") = "Solution Items", "Solution Items", "{6329D7B3-2E7F-49D9-99E4-9557E4A5A50D}"
	ProjectSection(SolutionItems) = preProject
		.gitignore = .gitignore
		.vsconfig = .vsconfig
		global.json = global.json
		NuGet.config = NuGet.config
		Servers\Servers.sln = Servers\Servers.sln
	EndProjectSection
EndProject
Project("{D954291E-2A0B-460D-934E-DC6B0785DB48}") = "Homeschool.App.Shared", "Homeschool.Net6.Shared\Homeschool.App.Shared.shproj", "{B535D869-4B6D-4923-B024-294ACF695F7D}"
EndProject
Project("{2150E333-8FDC-42A3-9474-1A3956D46DE8}") = "ThirdParty", "ThirdParty", "{198B935A-02A7-4670-A6FE-1BEFD18BECC2}"
EndProject
Project("{2150E333-8FDC-42A3-9474-1A3956D46DE8}") = "UI", "UI", "{9D0E746F-8604-4082-AECC-4C8D3FEE0061}"
EndProject
Project("{2150E333-8FDC-42A3-9474-1A3956D46DE8}") = "Server", "Server", "{1ABF6805-AEAC-4836-8C8F-355E10C66666}"
EndProject
Project("{2150E333-8FDC-42A3-9474-1A3956D46DE8}") = "Domain", "Domain", "{4D4650C4-6D54-4979-A7AB-36E01D6D666D}"
EndProject
Project("{9A19103F-16F7-4668-BE54-9A1E7A4F7556}") = "Homeschool.DataTests", "Server\Homeschool.DataTests\Homeschool.DataTests.csproj", "{183E223A-FB2C-41DB-8031-DD016584AEB9}"
EndProject
Project("{9A19103F-16F7-4668-BE54-9A1E7A4F7556}") = "Homeschool.DomainModels", "..\Homeschool.Aws\Homeschool.Aws\Homeschool.DomainModels\Homeschool.DomainModels.csproj", "{1579AE98-70EF-495E-9364-81669AF069DE}"
EndProject
Project("{FAE04EC0-301F-11D3-BF4B-00C04F79EFBC}") = "Homeschool.Aws.Client", "Server\Homeschool.Aws.Client\Homeschool.Aws.Client.csproj", "{012B5CBF-C768-4797-A2F6-B61A120EA082}"
EndProject
Project("{9A19103F-16F7-4668-BE54-9A1E7A4F7556}") = "Homeschool.Data", "..\Homeschool.Aws\Homeschool.Aws\Homeschool.Data\Homeschool.Data.csproj", "{08B82C41-E4AF-4A40-8706-992574989D15}"
EndProject
Project("{FAE04EC0-301F-11D3-BF4B-00C04F79EFBC}") = "Homeschool.Aws.ClientTests", "Server\Homeschool.Aws.ClientTests\Homeschool.Aws.ClientTests.csproj", "{71D67034-DB55-4DFE-860C-83D2908DA0AA}"
EndProject
Global
	GlobalSection(SharedMSBuildProjectFiles) = preSolution
		Homeschool.Net6.Shared\Homeschool.App.Shared.projitems*{14fe9699-0e60-4608-b04d-8bd612f53e74}*SharedItemsImports = 5
		Homeschool.Net6.Shared\Homeschool.App.Shared.projitems*{1aa13270-f438-4864-9435-54fd806e10ea}*SharedItemsImports = 5
		Homeschool.Net6.Shared\Homeschool.App.Shared.projitems*{40ea03f7-8a22-4143-b251-79bac3eb13d2}*SharedItemsImports = 5
		Homeschool.Net6.Shared\Homeschool.App.Shared.projitems*{5492a1e0-9648-4071-8b75-319627cf3832}*SharedItemsImports = 5
		Homeschool.Net6.Shared\Homeschool.App.Shared.projitems*{a5b8155a-118f-4794-b551-c6f3cf7e5411}*SharedItemsImports = 5
		Homeschool.Net6.Shared\Homeschool.App.Shared.projitems*{b535d869-4b6d-4923-b024-294acf695f7d}*SharedItemsImports = 13
	EndGlobalSection
	GlobalSection(SolutionConfigurationPlatforms) = preSolution
		Debug|Any CPU = Debug|Any CPU
		Debug|ARM = Debug|ARM
		Debug|ARM64 = Debug|ARM64
		Debug|iPhone = Debug|iPhone
		Debug|iPhoneSimulator = Debug|iPhoneSimulator
		Debug|x64 = Debug|x64
		Debug|x86 = Debug|x86
		Release|Any CPU = Release|Any CPU
		Release|ARM = Release|ARM
		Release|ARM64 = Release|ARM64
		Release|iPhone = Release|iPhone
		Release|iPhoneSimulator = Release|iPhoneSimulator
		Release|x64 = Release|x64
		Release|x86 = Release|x86
	EndGlobalSection
	GlobalSection(ProjectConfigurationPlatforms) = postSolution
		{5492A1E0-9648-4071-8B75-319627CF3832}.Debug|Any CPU.ActiveCfg = Debug|Any CPU
		{5492A1E0-9648-4071-8B75-319627CF3832}.Debug|ARM.ActiveCfg = Debug|Any CPU
		{5492A1E0-9648-4071-8B75-319627CF3832}.Debug|ARM.Build.0 = Debug|Any CPU
		{5492A1E0-9648-4071-8B75-319627CF3832}.Debug|ARM.Deploy.0 = Debug|Any CPU
		{5492A1E0-9648-4071-8B75-319627CF3832}.Debug|ARM64.ActiveCfg = Debug|Any CPU
		{5492A1E0-9648-4071-8B75-319627CF3832}.Debug|ARM64.Build.0 = Debug|Any CPU
		{5492A1E0-9648-4071-8B75-319627CF3832}.Debug|ARM64.Deploy.0 = Debug|Any CPU
		{5492A1E0-9648-4071-8B75-319627CF3832}.Debug|iPhone.ActiveCfg = Debug|Any CPU
		{5492A1E0-9648-4071-8B75-319627CF3832}.Debug|iPhone.Build.0 = Debug|Any CPU
		{5492A1E0-9648-4071-8B75-319627CF3832}.Debug|iPhone.Deploy.0 = Debug|Any CPU
		{5492A1E0-9648-4071-8B75-319627CF3832}.Debug|iPhoneSimulator.ActiveCfg = Debug|Any CPU
		{5492A1E0-9648-4071-8B75-319627CF3832}.Debug|iPhoneSimulator.Build.0 = Debug|Any CPU
		{5492A1E0-9648-4071-8B75-319627CF3832}.Debug|iPhoneSimulator.Deploy.0 = Debug|Any CPU
		{5492A1E0-9648-4071-8B75-319627CF3832}.Debug|x64.ActiveCfg = Debug|Any CPU
		{5492A1E0-9648-4071-8B75-319627CF3832}.Debug|x86.ActiveCfg = Debug|Any CPU
		{5492A1E0-9648-4071-8B75-319627CF3832}.Debug|x86.Build.0 = Debug|Any CPU
		{5492A1E0-9648-4071-8B75-319627CF3832}.Debug|x86.Deploy.0 = Debug|Any CPU
		{5492A1E0-9648-4071-8B75-319627CF3832}.Release|Any CPU.ActiveCfg = Release|Any CPU
		{5492A1E0-9648-4071-8B75-319627CF3832}.Release|Any CPU.Build.0 = Release|Any CPU
		{5492A1E0-9648-4071-8B75-319627CF3832}.Release|Any CPU.Deploy.0 = Release|Any CPU
		{5492A1E0-9648-4071-8B75-319627CF3832}.Release|ARM.ActiveCfg = Release|Any CPU
		{5492A1E0-9648-4071-8B75-319627CF3832}.Release|ARM.Build.0 = Release|Any CPU
		{5492A1E0-9648-4071-8B75-319627CF3832}.Release|ARM.Deploy.0 = Release|Any CPU
		{5492A1E0-9648-4071-8B75-319627CF3832}.Release|ARM64.ActiveCfg = Release|Any CPU
		{5492A1E0-9648-4071-8B75-319627CF3832}.Release|ARM64.Build.0 = Release|Any CPU
		{5492A1E0-9648-4071-8B75-319627CF3832}.Release|ARM64.Deploy.0 = Release|Any CPU
		{5492A1E0-9648-4071-8B75-319627CF3832}.Release|iPhone.ActiveCfg = Release|Any CPU
		{5492A1E0-9648-4071-8B75-319627CF3832}.Release|iPhone.Build.0 = Release|Any CPU
		{5492A1E0-9648-4071-8B75-319627CF3832}.Release|iPhone.Deploy.0 = Release|Any CPU
		{5492A1E0-9648-4071-8B75-319627CF3832}.Release|iPhoneSimulator.ActiveCfg = Release|Any CPU
		{5492A1E0-9648-4071-8B75-319627CF3832}.Release|iPhoneSimulator.Build.0 = Release|Any CPU
		{5492A1E0-9648-4071-8B75-319627CF3832}.Release|iPhoneSimulator.Deploy.0 = Release|Any CPU
		{5492A1E0-9648-4071-8B75-319627CF3832}.Release|x64.ActiveCfg = Release|Any CPU
		{5492A1E0-9648-4071-8B75-319627CF3832}.Release|x64.Build.0 = Release|Any CPU
		{5492A1E0-9648-4071-8B75-319627CF3832}.Release|x64.Deploy.0 = Release|Any CPU
		{5492A1E0-9648-4071-8B75-319627CF3832}.Release|x86.ActiveCfg = Release|Any CPU
		{5492A1E0-9648-4071-8B75-319627CF3832}.Release|x86.Build.0 = Release|Any CPU
		{5492A1E0-9648-4071-8B75-319627CF3832}.Release|x86.Deploy.0 = Release|Any CPU
		{40EA03F7-8A22-4143-B251-79BAC3EB13D2}.Debug|Any CPU.ActiveCfg = Debug|Any CPU
		{40EA03F7-8A22-4143-B251-79BAC3EB13D2}.Debug|ARM.ActiveCfg = Debug|Any CPU
		{40EA03F7-8A22-4143-B251-79BAC3EB13D2}.Debug|ARM.Build.0 = Debug|Any CPU
		{40EA03F7-8A22-4143-B251-79BAC3EB13D2}.Debug|ARM64.ActiveCfg = Debug|Any CPU
		{40EA03F7-8A22-4143-B251-79BAC3EB13D2}.Debug|ARM64.Build.0 = Debug|Any CPU
		{40EA03F7-8A22-4143-B251-79BAC3EB13D2}.Debug|iPhone.ActiveCfg = Debug|Any CPU
		{40EA03F7-8A22-4143-B251-79BAC3EB13D2}.Debug|iPhone.Build.0 = Debug|Any CPU
		{40EA03F7-8A22-4143-B251-79BAC3EB13D2}.Debug|iPhoneSimulator.ActiveCfg = Debug|Any CPU
		{40EA03F7-8A22-4143-B251-79BAC3EB13D2}.Debug|iPhoneSimulator.Build.0 = Debug|Any CPU
		{40EA03F7-8A22-4143-B251-79BAC3EB13D2}.Debug|x64.ActiveCfg = Debug|Any CPU
		{40EA03F7-8A22-4143-B251-79BAC3EB13D2}.Debug|x86.ActiveCfg = Debug|Any CPU
		{40EA03F7-8A22-4143-B251-79BAC3EB13D2}.Debug|x86.Build.0 = Debug|Any CPU
		{40EA03F7-8A22-4143-B251-79BAC3EB13D2}.Release|Any CPU.ActiveCfg = Release|Any CPU
		{40EA03F7-8A22-4143-B251-79BAC3EB13D2}.Release|Any CPU.Build.0 = Release|Any CPU
		{40EA03F7-8A22-4143-B251-79BAC3EB13D2}.Release|ARM.ActiveCfg = Release|Any CPU
		{40EA03F7-8A22-4143-B251-79BAC3EB13D2}.Release|ARM.Build.0 = Release|Any CPU
		{40EA03F7-8A22-4143-B251-79BAC3EB13D2}.Release|ARM64.ActiveCfg = Release|Any CPU
		{40EA03F7-8A22-4143-B251-79BAC3EB13D2}.Release|ARM64.Build.0 = Release|Any CPU
		{40EA03F7-8A22-4143-B251-79BAC3EB13D2}.Release|iPhone.ActiveCfg = Release|Any CPU
		{40EA03F7-8A22-4143-B251-79BAC3EB13D2}.Release|iPhone.Build.0 = Release|Any CPU
		{40EA03F7-8A22-4143-B251-79BAC3EB13D2}.Release|iPhoneSimulator.ActiveCfg = Release|Any CPU
		{40EA03F7-8A22-4143-B251-79BAC3EB13D2}.Release|iPhoneSimulator.Build.0 = Release|Any CPU
		{40EA03F7-8A22-4143-B251-79BAC3EB13D2}.Release|x64.ActiveCfg = Release|Any CPU
		{40EA03F7-8A22-4143-B251-79BAC3EB13D2}.Release|x64.Build.0 = Release|Any CPU
		{40EA03F7-8A22-4143-B251-79BAC3EB13D2}.Release|x86.ActiveCfg = Release|Any CPU
		{40EA03F7-8A22-4143-B251-79BAC3EB13D2}.Release|x86.Build.0 = Release|Any CPU
		{A5B8155A-118F-4794-B551-C6F3CF7E5411}.Debug|Any CPU.ActiveCfg = Debug|Any CPU
		{A5B8155A-118F-4794-B551-C6F3CF7E5411}.Debug|ARM.ActiveCfg = Debug|Any CPU
		{A5B8155A-118F-4794-B551-C6F3CF7E5411}.Debug|ARM.Build.0 = Debug|Any CPU
		{A5B8155A-118F-4794-B551-C6F3CF7E5411}.Debug|ARM64.ActiveCfg = Debug|Any CPU
		{A5B8155A-118F-4794-B551-C6F3CF7E5411}.Debug|ARM64.Build.0 = Debug|Any CPU
		{A5B8155A-118F-4794-B551-C6F3CF7E5411}.Debug|iPhone.ActiveCfg = Debug|Any CPU
		{A5B8155A-118F-4794-B551-C6F3CF7E5411}.Debug|iPhone.Build.0 = Debug|Any CPU
		{A5B8155A-118F-4794-B551-C6F3CF7E5411}.Debug|iPhoneSimulator.ActiveCfg = Debug|Any CPU
		{A5B8155A-118F-4794-B551-C6F3CF7E5411}.Debug|iPhoneSimulator.Build.0 = Debug|Any CPU
		{A5B8155A-118F-4794-B551-C6F3CF7E5411}.Debug|x64.ActiveCfg = Debug|Any CPU
		{A5B8155A-118F-4794-B551-C6F3CF7E5411}.Debug|x86.ActiveCfg = Debug|Any CPU
		{A5B8155A-118F-4794-B551-C6F3CF7E5411}.Debug|x86.Build.0 = Debug|Any CPU
		{A5B8155A-118F-4794-B551-C6F3CF7E5411}.Release|Any CPU.ActiveCfg = Release|Any CPU
		{A5B8155A-118F-4794-B551-C6F3CF7E5411}.Release|Any CPU.Build.0 = Release|Any CPU
		{A5B8155A-118F-4794-B551-C6F3CF7E5411}.Release|ARM.ActiveCfg = Release|Any CPU
		{A5B8155A-118F-4794-B551-C6F3CF7E5411}.Release|ARM.Build.0 = Release|Any CPU
		{A5B8155A-118F-4794-B551-C6F3CF7E5411}.Release|ARM64.ActiveCfg = Release|Any CPU
		{A5B8155A-118F-4794-B551-C6F3CF7E5411}.Release|ARM64.Build.0 = Release|Any CPU
		{A5B8155A-118F-4794-B551-C6F3CF7E5411}.Release|iPhone.ActiveCfg = Release|Any CPU
		{A5B8155A-118F-4794-B551-C6F3CF7E5411}.Release|iPhone.Build.0 = Release|Any CPU
		{A5B8155A-118F-4794-B551-C6F3CF7E5411}.Release|iPhoneSimulator.ActiveCfg = Release|Any CPU
		{A5B8155A-118F-4794-B551-C6F3CF7E5411}.Release|iPhoneSimulator.Build.0 = Release|Any CPU
		{A5B8155A-118F-4794-B551-C6F3CF7E5411}.Release|x64.ActiveCfg = Release|Any CPU
		{A5B8155A-118F-4794-B551-C6F3CF7E5411}.Release|x64.Build.0 = Release|Any CPU
		{A5B8155A-118F-4794-B551-C6F3CF7E5411}.Release|x86.ActiveCfg = Release|Any CPU
		{A5B8155A-118F-4794-B551-C6F3CF7E5411}.Release|x86.Build.0 = Release|Any CPU
		{14FE9699-0E60-4608-B04D-8BD612F53E74}.Debug|Any CPU.ActiveCfg = Debug|x64
		{14FE9699-0E60-4608-B04D-8BD612F53E74}.Debug|Any CPU.Deploy.0 = Debug|x64
		{14FE9699-0E60-4608-B04D-8BD612F53E74}.Debug|ARM.ActiveCfg = Debug|Any CPU
		{14FE9699-0E60-4608-B04D-8BD612F53E74}.Debug|ARM.Build.0 = Debug|Any CPU
		{14FE9699-0E60-4608-B04D-8BD612F53E74}.Debug|ARM.Deploy.0 = Debug|Any CPU
		{14FE9699-0E60-4608-B04D-8BD612F53E74}.Debug|ARM64.ActiveCfg = Debug|Any CPU
		{14FE9699-0E60-4608-B04D-8BD612F53E74}.Debug|ARM64.Build.0 = Debug|Any CPU
		{14FE9699-0E60-4608-B04D-8BD612F53E74}.Debug|ARM64.Deploy.0 = Debug|Any CPU
		{14FE9699-0E60-4608-B04D-8BD612F53E74}.Debug|iPhone.ActiveCfg = Debug|Any CPU
		{14FE9699-0E60-4608-B04D-8BD612F53E74}.Debug|iPhone.Build.0 = Debug|Any CPU
		{14FE9699-0E60-4608-B04D-8BD612F53E74}.Debug|iPhone.Deploy.0 = Debug|Any CPU
		{14FE9699-0E60-4608-B04D-8BD612F53E74}.Debug|iPhoneSimulator.ActiveCfg = Debug|Any CPU
		{14FE9699-0E60-4608-B04D-8BD612F53E74}.Debug|iPhoneSimulator.Build.0 = Debug|Any CPU
		{14FE9699-0E60-4608-B04D-8BD612F53E74}.Debug|iPhoneSimulator.Deploy.0 = Debug|Any CPU
		{14FE9699-0E60-4608-B04D-8BD612F53E74}.Debug|x64.ActiveCfg = Debug|x64
		{14FE9699-0E60-4608-B04D-8BD612F53E74}.Debug|x64.Deploy.0 = Debug|x64
		{14FE9699-0E60-4608-B04D-8BD612F53E74}.Debug|x86.ActiveCfg = Debug|Any CPU
		{14FE9699-0E60-4608-B04D-8BD612F53E74}.Debug|x86.Build.0 = Debug|Any CPU
		{14FE9699-0E60-4608-B04D-8BD612F53E74}.Debug|x86.Deploy.0 = Debug|Any CPU
		{14FE9699-0E60-4608-B04D-8BD612F53E74}.Release|Any CPU.ActiveCfg = Release|Any CPU
		{14FE9699-0E60-4608-B04D-8BD612F53E74}.Release|Any CPU.Build.0 = Release|Any CPU
		{14FE9699-0E60-4608-B04D-8BD612F53E74}.Release|ARM.ActiveCfg = Release|Any CPU
		{14FE9699-0E60-4608-B04D-8BD612F53E74}.Release|ARM.Build.0 = Release|Any CPU
		{14FE9699-0E60-4608-B04D-8BD612F53E74}.Release|ARM.Deploy.0 = Release|Any CPU
		{14FE9699-0E60-4608-B04D-8BD612F53E74}.Release|ARM64.ActiveCfg = Release|Any CPU
		{14FE9699-0E60-4608-B04D-8BD612F53E74}.Release|ARM64.Build.0 = Release|Any CPU
		{14FE9699-0E60-4608-B04D-8BD612F53E74}.Release|ARM64.Deploy.0 = Release|Any CPU
		{14FE9699-0E60-4608-B04D-8BD612F53E74}.Release|iPhone.ActiveCfg = Release|Any CPU
		{14FE9699-0E60-4608-B04D-8BD612F53E74}.Release|iPhone.Build.0 = Release|Any CPU
		{14FE9699-0E60-4608-B04D-8BD612F53E74}.Release|iPhoneSimulator.ActiveCfg = Release|Any CPU
		{14FE9699-0E60-4608-B04D-8BD612F53E74}.Release|iPhoneSimulator.Build.0 = Release|Any CPU
		{14FE9699-0E60-4608-B04D-8BD612F53E74}.Release|iPhoneSimulator.Deploy.0 = Release|Any CPU
		{14FE9699-0E60-4608-B04D-8BD612F53E74}.Release|x64.ActiveCfg = Release|Any CPU
		{14FE9699-0E60-4608-B04D-8BD612F53E74}.Release|x64.Build.0 = Release|Any CPU
		{14FE9699-0E60-4608-B04D-8BD612F53E74}.Release|x64.Deploy.0 = Release|Any CPU
		{14FE9699-0E60-4608-B04D-8BD612F53E74}.Release|x86.ActiveCfg = Release|Any CPU
		{14FE9699-0E60-4608-B04D-8BD612F53E74}.Release|x86.Build.0 = Release|Any CPU
		{14FE9699-0E60-4608-B04D-8BD612F53E74}.Release|x86.Deploy.0 = Release|Any CPU
		{6CF284A4-22B1-4F05-97F4-F095C07A598E}.Debug|Any CPU.ActiveCfg = Debug|Any CPU
		{6CF284A4-22B1-4F05-97F4-F095C07A598E}.Debug|ARM.ActiveCfg = Debug|Any CPU
		{6CF284A4-22B1-4F05-97F4-F095C07A598E}.Debug|ARM.Build.0 = Debug|Any CPU
		{6CF284A4-22B1-4F05-97F4-F095C07A598E}.Debug|ARM64.ActiveCfg = Debug|Any CPU
		{6CF284A4-22B1-4F05-97F4-F095C07A598E}.Debug|ARM64.Build.0 = Debug|Any CPU
		{6CF284A4-22B1-4F05-97F4-F095C07A598E}.Debug|iPhone.ActiveCfg = Debug|Any CPU
		{6CF284A4-22B1-4F05-97F4-F095C07A598E}.Debug|iPhone.Build.0 = Debug|Any CPU
		{6CF284A4-22B1-4F05-97F4-F095C07A598E}.Debug|iPhoneSimulator.ActiveCfg = Debug|Any CPU
		{6CF284A4-22B1-4F05-97F4-F095C07A598E}.Debug|iPhoneSimulator.Build.0 = Debug|Any CPU
		{6CF284A4-22B1-4F05-97F4-F095C07A598E}.Debug|x64.ActiveCfg = Debug|x64
		{6CF284A4-22B1-4F05-97F4-F095C07A598E}.Debug|x86.ActiveCfg = Debug|Any CPU
		{6CF284A4-22B1-4F05-97F4-F095C07A598E}.Debug|x86.Build.0 = Debug|Any CPU
		{6CF284A4-22B1-4F05-97F4-F095C07A598E}.Release|Any CPU.ActiveCfg = Release|Any CPU
		{6CF284A4-22B1-4F05-97F4-F095C07A598E}.Release|Any CPU.Build.0 = Release|Any CPU
		{6CF284A4-22B1-4F05-97F4-F095C07A598E}.Release|ARM.ActiveCfg = Release|Any CPU
		{6CF284A4-22B1-4F05-97F4-F095C07A598E}.Release|ARM.Build.0 = Release|Any CPU
		{6CF284A4-22B1-4F05-97F4-F095C07A598E}.Release|ARM64.ActiveCfg = Release|Any CPU
		{6CF284A4-22B1-4F05-97F4-F095C07A598E}.Release|ARM64.Build.0 = Release|Any CPU
		{6CF284A4-22B1-4F05-97F4-F095C07A598E}.Release|iPhone.ActiveCfg = Release|Any CPU
		{6CF284A4-22B1-4F05-97F4-F095C07A598E}.Release|iPhone.Build.0 = Release|Any CPU
		{6CF284A4-22B1-4F05-97F4-F095C07A598E}.Release|iPhoneSimulator.ActiveCfg = Release|Any CPU
		{6CF284A4-22B1-4F05-97F4-F095C07A598E}.Release|iPhoneSimulator.Build.0 = Release|Any CPU
		{6CF284A4-22B1-4F05-97F4-F095C07A598E}.Release|x64.ActiveCfg = Release|Any CPU
		{6CF284A4-22B1-4F05-97F4-F095C07A598E}.Release|x64.Build.0 = Release|Any CPU
		{6CF284A4-22B1-4F05-97F4-F095C07A598E}.Release|x86.ActiveCfg = Release|Any CPU
		{6CF284A4-22B1-4F05-97F4-F095C07A598E}.Release|x86.Build.0 = Release|Any CPU
		{1AA13270-F438-4864-9435-54FD806E10EA}.Debug|Any CPU.ActiveCfg = Debug|x86
		{1AA13270-F438-4864-9435-54FD806E10EA}.Debug|Any CPU.Build.0 = Debug|x86
		{1AA13270-F438-4864-9435-54FD806E10EA}.Debug|ARM.ActiveCfg = Debug|Any CPU
		{1AA13270-F438-4864-9435-54FD806E10EA}.Debug|ARM.Build.0 = Debug|Any CPU
		{1AA13270-F438-4864-9435-54FD806E10EA}.Debug|ARM64.ActiveCfg = Debug|x86
		{1AA13270-F438-4864-9435-54FD806E10EA}.Debug|ARM64.Build.0 = Debug|x86
		{1AA13270-F438-4864-9435-54FD806E10EA}.Debug|iPhone.ActiveCfg = Debug|Any CPU
		{1AA13270-F438-4864-9435-54FD806E10EA}.Debug|iPhone.Build.0 = Debug|Any CPU
		{1AA13270-F438-4864-9435-54FD806E10EA}.Debug|iPhoneSimulator.ActiveCfg = Debug|Any CPU
		{1AA13270-F438-4864-9435-54FD806E10EA}.Debug|iPhoneSimulator.Build.0 = Debug|Any CPU
		{1AA13270-F438-4864-9435-54FD806E10EA}.Debug|x64.ActiveCfg = Debug|x64
		{1AA13270-F438-4864-9435-54FD806E10EA}.Debug|x64.Build.0 = Debug|x64
		{1AA13270-F438-4864-9435-54FD806E10EA}.Debug|x64.Deploy.0 = Debug|x64
		{1AA13270-F438-4864-9435-54FD806E10EA}.Debug|x86.ActiveCfg = Debug|x86
		{1AA13270-F438-4864-9435-54FD806E10EA}.Debug|x86.Build.0 = Debug|x86
		{1AA13270-F438-4864-9435-54FD806E10EA}.Release|Any CPU.ActiveCfg = Release|Any CPU
		{1AA13270-F438-4864-9435-54FD806E10EA}.Release|Any CPU.Build.0 = Release|Any CPU
		{1AA13270-F438-4864-9435-54FD806E10EA}.Release|ARM.ActiveCfg = Release|Any CPU
		{1AA13270-F438-4864-9435-54FD806E10EA}.Release|ARM.Build.0 = Release|Any CPU
		{1AA13270-F438-4864-9435-54FD806E10EA}.Release|ARM64.ActiveCfg = Release|x86
		{1AA13270-F438-4864-9435-54FD806E10EA}.Release|ARM64.Build.0 = Release|x86
		{1AA13270-F438-4864-9435-54FD806E10EA}.Release|iPhone.ActiveCfg = Release|Any CPU
		{1AA13270-F438-4864-9435-54FD806E10EA}.Release|iPhone.Build.0 = Release|Any CPU
		{1AA13270-F438-4864-9435-54FD806E10EA}.Release|iPhoneSimulator.ActiveCfg = Release|Any CPU
		{1AA13270-F438-4864-9435-54FD806E10EA}.Release|iPhoneSimulator.Build.0 = Release|Any CPU
		{1AA13270-F438-4864-9435-54FD806E10EA}.Release|x64.ActiveCfg = Release|x86
		{1AA13270-F438-4864-9435-54FD806E10EA}.Release|x64.Build.0 = Release|x86
		{1AA13270-F438-4864-9435-54FD806E10EA}.Release|x86.ActiveCfg = Release|x86
		{1AA13270-F438-4864-9435-54FD806E10EA}.Release|x86.Build.0 = Release|x86
		{183E223A-FB2C-41DB-8031-DD016584AEB9}.Debug|Any CPU.ActiveCfg = Debug|Any CPU
		{183E223A-FB2C-41DB-8031-DD016584AEB9}.Debug|Any CPU.Build.0 = Debug|Any CPU
		{183E223A-FB2C-41DB-8031-DD016584AEB9}.Debug|ARM.ActiveCfg = Debug|Any CPU
		{183E223A-FB2C-41DB-8031-DD016584AEB9}.Debug|ARM.Build.0 = Debug|Any CPU
		{183E223A-FB2C-41DB-8031-DD016584AEB9}.Debug|ARM64.ActiveCfg = Debug|Any CPU
		{183E223A-FB2C-41DB-8031-DD016584AEB9}.Debug|ARM64.Build.0 = Debug|Any CPU
		{183E223A-FB2C-41DB-8031-DD016584AEB9}.Debug|iPhone.ActiveCfg = Debug|Any CPU
		{183E223A-FB2C-41DB-8031-DD016584AEB9}.Debug|iPhone.Build.0 = Debug|Any CPU
		{183E223A-FB2C-41DB-8031-DD016584AEB9}.Debug|iPhoneSimulator.ActiveCfg = Debug|Any CPU
		{183E223A-FB2C-41DB-8031-DD016584AEB9}.Debug|iPhoneSimulator.Build.0 = Debug|Any CPU
		{183E223A-FB2C-41DB-8031-DD016584AEB9}.Debug|x64.ActiveCfg = Debug|x64
		{183E223A-FB2C-41DB-8031-DD016584AEB9}.Debug|x86.ActiveCfg = Debug|Any CPU
		{183E223A-FB2C-41DB-8031-DD016584AEB9}.Debug|x86.Build.0 = Debug|Any CPU
		{183E223A-FB2C-41DB-8031-DD016584AEB9}.Release|Any CPU.ActiveCfg = Release|Any CPU
		{183E223A-FB2C-41DB-8031-DD016584AEB9}.Release|Any CPU.Build.0 = Release|Any CPU
		{183E223A-FB2C-41DB-8031-DD016584AEB9}.Release|ARM.ActiveCfg = Release|Any CPU
		{183E223A-FB2C-41DB-8031-DD016584AEB9}.Release|ARM.Build.0 = Release|Any CPU
		{183E223A-FB2C-41DB-8031-DD016584AEB9}.Release|ARM64.ActiveCfg = Release|Any CPU
		{183E223A-FB2C-41DB-8031-DD016584AEB9}.Release|ARM64.Build.0 = Release|Any CPU
		{183E223A-FB2C-41DB-8031-DD016584AEB9}.Release|iPhone.ActiveCfg = Release|Any CPU
		{183E223A-FB2C-41DB-8031-DD016584AEB9}.Release|iPhone.Build.0 = Release|Any CPU
		{183E223A-FB2C-41DB-8031-DD016584AEB9}.Release|iPhoneSimulator.ActiveCfg = Release|Any CPU
		{183E223A-FB2C-41DB-8031-DD016584AEB9}.Release|iPhoneSimulator.Build.0 = Release|Any CPU
		{183E223A-FB2C-41DB-8031-DD016584AEB9}.Release|x64.ActiveCfg = Release|Any CPU
		{183E223A-FB2C-41DB-8031-DD016584AEB9}.Release|x64.Build.0 = Release|Any CPU
		{183E223A-FB2C-41DB-8031-DD016584AEB9}.Release|x86.ActiveCfg = Release|Any CPU
		{183E223A-FB2C-41DB-8031-DD016584AEB9}.Release|x86.Build.0 = Release|Any CPU
		{1579AE98-70EF-495E-9364-81669AF069DE}.Debug|Any CPU.ActiveCfg = Debug|x64
		{1579AE98-70EF-495E-9364-81669AF069DE}.Debug|Any CPU.Build.0 = Debug|x64
		{1579AE98-70EF-495E-9364-81669AF069DE}.Debug|ARM.ActiveCfg = Debug|x64
		{1579AE98-70EF-495E-9364-81669AF069DE}.Debug|ARM.Build.0 = Debug|x64
		{1579AE98-70EF-495E-9364-81669AF069DE}.Debug|ARM64.ActiveCfg = Debug|x64
		{1579AE98-70EF-495E-9364-81669AF069DE}.Debug|ARM64.Build.0 = Debug|x64
		{1579AE98-70EF-495E-9364-81669AF069DE}.Debug|iPhone.ActiveCfg = Debug|x64
		{1579AE98-70EF-495E-9364-81669AF069DE}.Debug|iPhone.Build.0 = Debug|x64
		{1579AE98-70EF-495E-9364-81669AF069DE}.Debug|iPhoneSimulator.ActiveCfg = Debug|x64
		{1579AE98-70EF-495E-9364-81669AF069DE}.Debug|iPhoneSimulator.Build.0 = Debug|x64
		{1579AE98-70EF-495E-9364-81669AF069DE}.Debug|x64.ActiveCfg = Debug|x64
		{1579AE98-70EF-495E-9364-81669AF069DE}.Debug|x64.Build.0 = Debug|x64
		{1579AE98-70EF-495E-9364-81669AF069DE}.Debug|x86.ActiveCfg = Debug|x64
		{1579AE98-70EF-495E-9364-81669AF069DE}.Debug|x86.Build.0 = Debug|x64
		{1579AE98-70EF-495E-9364-81669AF069DE}.Release|Any CPU.ActiveCfg = Release|x64
		{1579AE98-70EF-495E-9364-81669AF069DE}.Release|Any CPU.Build.0 = Release|x64
		{1579AE98-70EF-495E-9364-81669AF069DE}.Release|ARM.ActiveCfg = Release|x64
		{1579AE98-70EF-495E-9364-81669AF069DE}.Release|ARM.Build.0 = Release|x64
		{1579AE98-70EF-495E-9364-81669AF069DE}.Release|ARM64.ActiveCfg = Release|x64
		{1579AE98-70EF-495E-9364-81669AF069DE}.Release|ARM64.Build.0 = Release|x64
		{1579AE98-70EF-495E-9364-81669AF069DE}.Release|iPhone.ActiveCfg = Release|x64
		{1579AE98-70EF-495E-9364-81669AF069DE}.Release|iPhone.Build.0 = Release|x64
		{1579AE98-70EF-495E-9364-81669AF069DE}.Release|iPhoneSimulator.ActiveCfg = Release|x64
		{1579AE98-70EF-495E-9364-81669AF069DE}.Release|iPhoneSimulator.Build.0 = Release|x64
		{1579AE98-70EF-495E-9364-81669AF069DE}.Release|x64.ActiveCfg = Release|x64
		{1579AE98-70EF-495E-9364-81669AF069DE}.Release|x64.Build.0 = Release|x64
		{1579AE98-70EF-495E-9364-81669AF069DE}.Release|x86.ActiveCfg = Release|x64
		{1579AE98-70EF-495E-9364-81669AF069DE}.Release|x86.Build.0 = Release|x64
		{012B5CBF-C768-4797-A2F6-B61A120EA082}.Debug|Any CPU.ActiveCfg = Debug|Any CPU
		{012B5CBF-C768-4797-A2F6-B61A120EA082}.Debug|Any CPU.Build.0 = Debug|Any CPU
		{012B5CBF-C768-4797-A2F6-B61A120EA082}.Debug|ARM.ActiveCfg = Debug|Any CPU
		{012B5CBF-C768-4797-A2F6-B61A120EA082}.Debug|ARM.Build.0 = Debug|Any CPU
		{012B5CBF-C768-4797-A2F6-B61A120EA082}.Debug|ARM64.ActiveCfg = Debug|Any CPU
		{012B5CBF-C768-4797-A2F6-B61A120EA082}.Debug|ARM64.Build.0 = Debug|Any CPU
		{012B5CBF-C768-4797-A2F6-B61A120EA082}.Debug|iPhone.ActiveCfg = Debug|Any CPU
		{012B5CBF-C768-4797-A2F6-B61A120EA082}.Debug|iPhone.Build.0 = Debug|Any CPU
		{012B5CBF-C768-4797-A2F6-B61A120EA082}.Debug|iPhoneSimulator.ActiveCfg = Debug|Any CPU
		{012B5CBF-C768-4797-A2F6-B61A120EA082}.Debug|iPhoneSimulator.Build.0 = Debug|Any CPU
		{012B5CBF-C768-4797-A2F6-B61A120EA082}.Debug|x64.ActiveCfg = Debug|x64
		{012B5CBF-C768-4797-A2F6-B61A120EA082}.Debug|x64.Build.0 = Debug|x64
		{012B5CBF-C768-4797-A2F6-B61A120EA082}.Debug|x86.ActiveCfg = Debug|Any CPU
		{012B5CBF-C768-4797-A2F6-B61A120EA082}.Debug|x86.Build.0 = Debug|Any CPU
		{012B5CBF-C768-4797-A2F6-B61A120EA082}.Release|Any CPU.ActiveCfg = Release|Any CPU
		{012B5CBF-C768-4797-A2F6-B61A120EA082}.Release|Any CPU.Build.0 = Release|Any CPU
		{012B5CBF-C768-4797-A2F6-B61A120EA082}.Release|ARM.ActiveCfg = Release|Any CPU
		{012B5CBF-C768-4797-A2F6-B61A120EA082}.Release|ARM.Build.0 = Release|Any CPU
		{012B5CBF-C768-4797-A2F6-B61A120EA082}.Release|ARM64.ActiveCfg = Release|Any CPU
		{012B5CBF-C768-4797-A2F6-B61A120EA082}.Release|ARM64.Build.0 = Release|Any CPU
		{012B5CBF-C768-4797-A2F6-B61A120EA082}.Release|iPhone.ActiveCfg = Release|Any CPU
		{012B5CBF-C768-4797-A2F6-B61A120EA082}.Release|iPhone.Build.0 = Release|Any CPU
		{012B5CBF-C768-4797-A2F6-B61A120EA082}.Release|iPhoneSimulator.ActiveCfg = Release|Any CPU
		{012B5CBF-C768-4797-A2F6-B61A120EA082}.Release|iPhoneSimulator.Build.0 = Release|Any CPU
		{012B5CBF-C768-4797-A2F6-B61A120EA082}.Release|x64.ActiveCfg = Release|Any CPU
		{012B5CBF-C768-4797-A2F6-B61A120EA082}.Release|x64.Build.0 = Release|Any CPU
		{012B5CBF-C768-4797-A2F6-B61A120EA082}.Release|x86.ActiveCfg = Release|Any CPU
		{012B5CBF-C768-4797-A2F6-B61A120EA082}.Release|x86.Build.0 = Release|Any CPU
		{08B82C41-E4AF-4A40-8706-992574989D15}.Debug|Any CPU.ActiveCfg = Debug|x64
		{08B82C41-E4AF-4A40-8706-992574989D15}.Debug|Any CPU.Build.0 = Debug|x64
		{08B82C41-E4AF-4A40-8706-992574989D15}.Debug|ARM.ActiveCfg = Debug|x64
		{08B82C41-E4AF-4A40-8706-992574989D15}.Debug|ARM.Build.0 = Debug|x64
		{08B82C41-E4AF-4A40-8706-992574989D15}.Debug|ARM64.ActiveCfg = Debug|x64
		{08B82C41-E4AF-4A40-8706-992574989D15}.Debug|ARM64.Build.0 = Debug|x64
		{08B82C41-E4AF-4A40-8706-992574989D15}.Debug|iPhone.ActiveCfg = Debug|x64
		{08B82C41-E4AF-4A40-8706-992574989D15}.Debug|iPhone.Build.0 = Debug|x64
		{08B82C41-E4AF-4A40-8706-992574989D15}.Debug|iPhoneSimulator.ActiveCfg = Debug|x64
		{08B82C41-E4AF-4A40-8706-992574989D15}.Debug|iPhoneSimulator.Build.0 = Debug|x64
		{08B82C41-E4AF-4A40-8706-992574989D15}.Debug|x64.ActiveCfg = Debug|x64
		{08B82C41-E4AF-4A40-8706-992574989D15}.Debug|x64.Build.0 = Debug|x64
		{08B82C41-E4AF-4A40-8706-992574989D15}.Debug|x86.ActiveCfg = Debug|x64
		{08B82C41-E4AF-4A40-8706-992574989D15}.Debug|x86.Build.0 = Debug|x64
		{08B82C41-E4AF-4A40-8706-992574989D15}.Release|Any CPU.ActiveCfg = Release|x64
		{08B82C41-E4AF-4A40-8706-992574989D15}.Release|Any CPU.Build.0 = Release|x64
		{08B82C41-E4AF-4A40-8706-992574989D15}.Release|ARM.ActiveCfg = Release|x64
		{08B82C41-E4AF-4A40-8706-992574989D15}.Release|ARM.Build.0 = Release|x64
		{08B82C41-E4AF-4A40-8706-992574989D15}.Release|ARM64.ActiveCfg = Release|x64
		{08B82C41-E4AF-4A40-8706-992574989D15}.Release|ARM64.Build.0 = Release|x64
		{08B82C41-E4AF-4A40-8706-992574989D15}.Release|iPhone.ActiveCfg = Release|x64
		{08B82C41-E4AF-4A40-8706-992574989D15}.Release|iPhone.Build.0 = Release|x64
		{08B82C41-E4AF-4A40-8706-992574989D15}.Release|iPhoneSimulator.ActiveCfg = Release|x64
		{08B82C41-E4AF-4A40-8706-992574989D15}.Release|iPhoneSimulator.Build.0 = Release|x64
		{08B82C41-E4AF-4A40-8706-992574989D15}.Release|x64.ActiveCfg = Release|x64
		{08B82C41-E4AF-4A40-8706-992574989D15}.Release|x64.Build.0 = Release|x64
		{08B82C41-E4AF-4A40-8706-992574989D15}.Release|x86.ActiveCfg = Release|x64
		{08B82C41-E4AF-4A40-8706-992574989D15}.Release|x86.Build.0 = Release|x64
		{71D67034-DB55-4DFE-860C-83D2908DA0AA}.Debug|Any CPU.ActiveCfg = Debug|Any CPU
		{71D67034-DB55-4DFE-860C-83D2908DA0AA}.Debug|Any CPU.Build.0 = Debug|Any CPU
		{71D67034-DB55-4DFE-860C-83D2908DA0AA}.Debug|ARM.ActiveCfg = Debug|Any CPU
		{71D67034-DB55-4DFE-860C-83D2908DA0AA}.Debug|ARM.Build.0 = Debug|Any CPU
		{71D67034-DB55-4DFE-860C-83D2908DA0AA}.Debug|ARM64.ActiveCfg = Debug|Any CPU
		{71D67034-DB55-4DFE-860C-83D2908DA0AA}.Debug|ARM64.Build.0 = Debug|Any CPU
		{71D67034-DB55-4DFE-860C-83D2908DA0AA}.Debug|iPhone.ActiveCfg = Debug|Any CPU
		{71D67034-DB55-4DFE-860C-83D2908DA0AA}.Debug|iPhone.Build.0 = Debug|Any CPU
		{71D67034-DB55-4DFE-860C-83D2908DA0AA}.Debug|iPhoneSimulator.ActiveCfg = Debug|Any CPU
		{71D67034-DB55-4DFE-860C-83D2908DA0AA}.Debug|iPhoneSimulator.Build.0 = Debug|Any CPU
		{71D67034-DB55-4DFE-860C-83D2908DA0AA}.Debug|x64.ActiveCfg = Debug|Any CPU
		{71D67034-DB55-4DFE-860C-83D2908DA0AA}.Debug|x64.Build.0 = Debug|Any CPU
		{71D67034-DB55-4DFE-860C-83D2908DA0AA}.Debug|x86.ActiveCfg = Debug|Any CPU
		{71D67034-DB55-4DFE-860C-83D2908DA0AA}.Debug|x86.Build.0 = Debug|Any CPU
		{71D67034-DB55-4DFE-860C-83D2908DA0AA}.Release|Any CPU.ActiveCfg = Release|Any CPU
		{71D67034-DB55-4DFE-860C-83D2908DA0AA}.Release|Any CPU.Build.0 = Release|Any CPU
		{71D67034-DB55-4DFE-860C-83D2908DA0AA}.Release|ARM.ActiveCfg = Release|Any CPU
		{71D67034-DB55-4DFE-860C-83D2908DA0AA}.Release|ARM.Build.0 = Release|Any CPU
		{71D67034-DB55-4DFE-860C-83D2908DA0AA}.Release|ARM64.ActiveCfg = Release|Any CPU
		{71D67034-DB55-4DFE-860C-83D2908DA0AA}.Release|ARM64.Build.0 = Release|Any CPU
		{71D67034-DB55-4DFE-860C-83D2908DA0AA}.Release|iPhone.ActiveCfg = Release|Any CPU
		{71D67034-DB55-4DFE-860C-83D2908DA0AA}.Release|iPhone.Build.0 = Release|Any CPU
		{71D67034-DB55-4DFE-860C-83D2908DA0AA}.Release|iPhoneSimulator.ActiveCfg = Release|Any CPU
		{71D67034-DB55-4DFE-860C-83D2908DA0AA}.Release|iPhoneSimulator.Build.0 = Release|Any CPU
		{71D67034-DB55-4DFE-860C-83D2908DA0AA}.Release|x64.ActiveCfg = Release|Any CPU
		{71D67034-DB55-4DFE-860C-83D2908DA0AA}.Release|x64.Build.0 = Release|Any CPU
		{71D67034-DB55-4DFE-860C-83D2908DA0AA}.Release|x86.ActiveCfg = Release|Any CPU
		{71D67034-DB55-4DFE-860C-83D2908DA0AA}.Release|x86.Build.0 = Release|Any CPU
	EndGlobalSection
	GlobalSection(SolutionProperties) = preSolution
		HideSolutionNode = FALSE
	EndGlobalSection
	GlobalSection(NestedProjects) = preSolution
		{5492A1E0-9648-4071-8B75-319627CF3832} = {9D0E746F-8604-4082-AECC-4C8D3FEE0061}
		{40EA03F7-8A22-4143-B251-79BAC3EB13D2} = {9D0E746F-8604-4082-AECC-4C8D3FEE0061}
		{A5B8155A-118F-4794-B551-C6F3CF7E5411} = {9D0E746F-8604-4082-AECC-4C8D3FEE0061}
		{14FE9699-0E60-4608-B04D-8BD612F53E74} = {9D0E746F-8604-4082-AECC-4C8D3FEE0061}
		{6CF284A4-22B1-4F05-97F4-F095C07A598E} = {9D0E746F-8604-4082-AECC-4C8D3FEE0061}
		{1AA13270-F438-4864-9435-54FD806E10EA} = {9D0E746F-8604-4082-AECC-4C8D3FEE0061}
		{B535D869-4B6D-4923-B024-294ACF695F7D} = {9D0E746F-8604-4082-AECC-4C8D3FEE0061}
		{1579AE98-70EF-495E-9364-81669AF069DE} = {4D4650C4-6D54-4979-A7AB-36E01D6D666D}
		{012B5CBF-C768-4797-A2F6-B61A120EA082} = {1ABF6805-AEAC-4836-8C8F-355E10C66666}
		{08B82C41-E4AF-4A40-8706-992574989D15} = {1ABF6805-AEAC-4836-8C8F-355E10C66666}
	EndGlobalSection
	GlobalSection(ExtensibilityGlobals) = postSolution
		SolutionGuid = {C7433AE2-B1A0-4C1A-887E-5CAA7AAF67A6}
	EndGlobalSection
EndGlobal
