
Microsoft Visual Studio Solution File, Format Version 12.00
# Visual Studio Version 17
VisualStudioVersion = 17.2.32210.308
MinimumVisualStudioVersion = 10.0.40219.1
Project("{9A19103F-16F7-4668-BE54-9A1E7A4F7556}") = "Homeschool.Server", "Homeschool.Server\Homeschool.Server.csproj", "{13AEDBDF-C315-4186-837F-847706DC9F24}"
EndProject
Project("{2150E333-8FDC-42A3-9474-1A3956D46DE8}") = "Solution Items", "Solution Items", "{444B25C8-A8E6-4D12-9F94-86A8271F463A}"
	ProjectSection(SolutionItems) = preProject
		nuget.config = nuget.config
		..\restore.ps1 = ..\restore.ps1
	EndProjectSection
EndProject
Project("{9A19103F-16F7-4668-BE54-9A1E7A4F7556}") = "Homeschool.Data", "..\Server\Homeschool.Data\Homeschool.Data.csproj", "{FF4227E8-DF77-4E74-8642-12BEA00FB44C}"
EndProject
Project("{9A19103F-16F7-4668-BE54-9A1E7A4F7556}") = "Homeschool.DomainModels", "..\Homeschool.DomainModels\Homeschool.DomainModels.csproj", "{D279CD43-EE18-4812-9FE4-BDBDBC1F257D}"
EndProject
Global
	GlobalSection(SolutionConfigurationPlatforms) = preSolution
		Debug|Any CPU = Debug|Any CPU
		Debug|x64 = Debug|x64
		Release|Any CPU = Release|Any CPU
		Release|x64 = Release|x64
	EndGlobalSection
	GlobalSection(ProjectConfigurationPlatforms) = postSolution
		{13AEDBDF-C315-4186-837F-847706DC9F24}.Debug|Any CPU.ActiveCfg = Debug|x64
		{13AEDBDF-C315-4186-837F-847706DC9F24}.Debug|Any CPU.Build.0 = Debug|x64
		{13AEDBDF-C315-4186-837F-847706DC9F24}.Debug|x64.ActiveCfg = Debug|x64
		{13AEDBDF-C315-4186-837F-847706DC9F24}.Debug|x64.Build.0 = Debug|x64
		{13AEDBDF-C315-4186-837F-847706DC9F24}.Release|Any CPU.ActiveCfg = Release|x64
		{13AEDBDF-C315-4186-837F-847706DC9F24}.Release|Any CPU.Build.0 = Release|x64
		{13AEDBDF-C315-4186-837F-847706DC9F24}.Release|x64.ActiveCfg = Release|x64
		{13AEDBDF-C315-4186-837F-847706DC9F24}.Release|x64.Build.0 = Release|x64
		{FF4227E8-DF77-4E74-8642-12BEA00FB44C}.Debug|Any CPU.ActiveCfg = Debug|Any CPU
		{FF4227E8-DF77-4E74-8642-12BEA00FB44C}.Debug|Any CPU.Build.0 = Debug|Any CPU
		{FF4227E8-DF77-4E74-8642-12BEA00FB44C}.Debug|x64.ActiveCfg = Debug|x64
		{FF4227E8-DF77-4E74-8642-12BEA00FB44C}.Debug|x64.Build.0 = Debug|x64
		{FF4227E8-DF77-4E74-8642-12BEA00FB44C}.Release|Any CPU.ActiveCfg = Release|Any CPU
		{FF4227E8-DF77-4E74-8642-12BEA00FB44C}.Release|Any CPU.Build.0 = Release|Any CPU
		{FF4227E8-DF77-4E74-8642-12BEA00FB44C}.Release|x64.ActiveCfg = Release|x64
		{FF4227E8-DF77-4E74-8642-12BEA00FB44C}.Release|x64.Build.0 = Release|x64
		{D279CD43-EE18-4812-9FE4-BDBDBC1F257D}.Debug|Any CPU.ActiveCfg = Debug|Any CPU
		{D279CD43-EE18-4812-9FE4-BDBDBC1F257D}.Debug|Any CPU.Build.0 = Debug|Any CPU
		{D279CD43-EE18-4812-9FE4-BDBDBC1F257D}.Debug|x64.ActiveCfg = Debug|x64
		{D279CD43-EE18-4812-9FE4-BDBDBC1F257D}.Debug|x64.Build.0 = Debug|x64
		{D279CD43-EE18-4812-9FE4-BDBDBC1F257D}.Release|Any CPU.ActiveCfg = Release|Any CPU
		{D279CD43-EE18-4812-9FE4-BDBDBC1F257D}.Release|Any CPU.Build.0 = Release|Any CPU
		{D279CD43-EE18-4812-9FE4-BDBDBC1F257D}.Release|x64.ActiveCfg = Release|x64
		{D279CD43-EE18-4812-9FE4-BDBDBC1F257D}.Release|x64.Build.0 = Release|x64
	EndGlobalSection
	GlobalSection(SolutionProperties) = preSolution
		HideSolutionNode = FALSE
	EndGlobalSection
	GlobalSection(ExtensibilityGlobals) = postSolution
		SolutionGuid = {13642D91-D4AE-40F2-90D4-F62894E24582}
	EndGlobalSection
EndGlobal
